
Microsoft Visual Studio Solution File, Format Version 12.00
# Visual Studio Express 2013 for Windows Desktop
VisualStudioVersion = 12.0.31101.0
MinimumVisualStudioVersion = 10.0.40219.1
Project("{8BC9CEB8-8B4A-11D0-8D11-00A0C91BC942}") = "Guildhall_ResourceManager", "Guildhall_ResourceManager\Guildhall_ResourceManager.vcxproj", "{E262D621-338C-4A0D-B339-FBD50041C7DE}"
EndProject
Global
	GlobalSection(SolutionConfigurationPlatforms) = preSolution
		Debug|Win32 = Debug|Win32
		Release|Win32 = Release|Win32
	EndGlobalSection
	GlobalSection(ProjectConfigurationPlatforms) = postSolution
		{E262D621-338C-4A0D-B339-FBD50041C7DE}.Debug|Win32.ActiveCfg = Debug|Win32
		{E262D621-338C-4A0D-B339-FBD50041C7DE}.Debug|Win32.Build.0 = Debug|Win32
		{E262D621-338C-4A0D-B339-FBD50041C7DE}.Release|Win32.ActiveCfg = Release|Win32
		{E262D621-338C-4A0D-B339-FBD50041C7DE}.Release|Win32.Build.0 = Release|Win32
	EndGlobalSection
	GlobalSection(SolutionProperties) = preSolution
		HideSolutionNode = FALSE
	EndGlobalSection
EndGlobal
